
Microsoft Visual Studio Solution File, Format Version 12.00
# Visual Studio 14
VisualStudioVersion = 14.0.25420.1
MinimumVisualStudioVersion = 10.0.40219.1
Project("{8BC9CEB8-8B4A-11D0-8D11-00A0C91BC942}") = "lua_test", "pro\taolua.vcxproj", "{9F911B44-D8BA-45B2-A52C-F0913CF82EE9}"
	ProjectSection(ProjectDependencies) = postProject
		{C2A0B216-4240-454F-9D27-B614E7F93AE8} = {C2A0B216-4240-454F-9D27-B614E7F93AE8}
	EndProjectSection
EndProject
Project("{8BC9CEB8-8B4A-11D0-8D11-00A0C91BC942}") = "demo", "lib\demo\demo.vcxproj", "{4A1553AA-02B7-4667-BFEC-88E5B830E628}"
	ProjectSection(ProjectDependencies) = postProject
		{C2A0B216-4240-454F-9D27-B614E7F93AE8} = {C2A0B216-4240-454F-9D27-B614E7F93AE8}
	EndProjectSection
EndProject
Project("{8BC9CEB8-8B4A-11D0-8D11-00A0C91BC942}") = "liblua", "pro\liblua.vcxproj", "{C2A0B216-4240-454F-9D27-B614E7F93AE8}"
EndProject
Project("{2150E333-8FDC-42A3-9474-1A3956D46DE8}") = "3rd", "3rd", "{54E59867-5185-4DCA-82D0-AD37A2803ED3}"
EndProject
Project("{2150E333-8FDC-42A3-9474-1A3956D46DE8}") = "lib", "lib", "{683A00EB-DBA2-4D5E-A0F9-232B9A8CC817}"
EndProject
Project("{8BC9CEB8-8B4A-11D0-8D11-00A0C91BC942}") = "console", "lib\console\console.vcxproj", "{E170893F-5B55-4F7A-86C8-A154FF01CA32}"
	ProjectSection(ProjectDependencies) = postProject
		{C2A0B216-4240-454F-9D27-B614E7F93AE8} = {C2A0B216-4240-454F-9D27-B614E7F93AE8}
	EndProjectSection
EndProject
Project("{8BC9CEB8-8B4A-11D0-8D11-00A0C91BC942}") = "dialog", "lib\dialog\dialog.vcxproj", "{F5DBAD7C-CD91-4C45-BD57-FB2E8565BD27}"
	ProjectSection(ProjectDependencies) = postProject
		{C2A0B216-4240-454F-9D27-B614E7F93AE8} = {C2A0B216-4240-454F-9D27-B614E7F93AE8}
	EndProjectSection
EndProject
Project("{8BC9CEB8-8B4A-11D0-8D11-00A0C91BC942}") = "file_system", "lib\file_system\file_system.vcxproj", "{D62E4495-C610-4810-9E03-B40CE3CE875E}"
	ProjectSection(ProjectDependencies) = postProject
		{C2A0B216-4240-454F-9D27-B614E7F93AE8} = {C2A0B216-4240-454F-9D27-B614E7F93AE8}
	EndProjectSection
EndProject
Project("{8BC9CEB8-8B4A-11D0-8D11-00A0C91BC942}") = "network", "lib\network\network.vcxproj", "{B4C8725F-6FB0-4C3E-BB0B-B10124AC20F5}"
	ProjectSection(ProjectDependencies) = postProject
		{C2A0B216-4240-454F-9D27-B614E7F93AE8} = {C2A0B216-4240-454F-9D27-B614E7F93AE8}
	EndProjectSection
EndProject
Project("{8BC9CEB8-8B4A-11D0-8D11-00A0C91BC942}") = "process", "lib\psapi\psapi.vcxproj", "{06A098F7-DB97-46EB-914C-28218A45C235}"
	ProjectSection(ProjectDependencies) = postProject
		{C2A0B216-4240-454F-9D27-B614E7F93AE8} = {C2A0B216-4240-454F-9D27-B614E7F93AE8}
	EndProjectSection
EndProject
Project("{8BC9CEB8-8B4A-11D0-8D11-00A0C91BC942}") = "window_manage", "lib\window_manage\window_manage.vcxproj", "{3F4ABC17-D7AD-4DFC-8DE7-23A4F30E0ACF}"
	ProjectSection(ProjectDependencies) = postProject
		{C2A0B216-4240-454F-9D27-B614E7F93AE8} = {C2A0B216-4240-454F-9D27-B614E7F93AE8}
	EndProjectSection
EndProject
Project("{8BC9CEB8-8B4A-11D0-8D11-00A0C91BC942}") = "windows_shell", "lib\windows_shell\windows_shell.vcxproj", "{489EB706-071F-4505-A4A6-E2867820FD0D}"
	ProjectSection(ProjectDependencies) = postProject
		{C2A0B216-4240-454F-9D27-B614E7F93AE8} = {C2A0B216-4240-454F-9D27-B614E7F93AE8}
	EndProjectSection
EndProject
Project("{8BC9CEB8-8B4A-11D0-8D11-00A0C91BC942}") = "json", "lib\json\json.vcxproj", "{910324D9-AB1B-456B-A64B-07E18BAF951D}"
	ProjectSection(ProjectDependencies) = postProject
		{C2A0B216-4240-454F-9D27-B614E7F93AE8} = {C2A0B216-4240-454F-9D27-B614E7F93AE8}
	EndProjectSection
EndProject
Global
	GlobalSection(SolutionConfigurationPlatforms) = preSolution
		Debug|x64 = Debug|x64
		Debug|x86 = Debug|x86
		Release|x64 = Release|x64
		Release|x86 = Release|x86
	EndGlobalSection
	GlobalSection(ProjectConfigurationPlatforms) = postSolution
		{9F911B44-D8BA-45B2-A52C-F0913CF82EE9}.Debug|x64.ActiveCfg = Debug|x64
		{9F911B44-D8BA-45B2-A52C-F0913CF82EE9}.Debug|x64.Build.0 = Debug|x64
		{9F911B44-D8BA-45B2-A52C-F0913CF82EE9}.Debug|x86.ActiveCfg = Debug|Win32
		{9F911B44-D8BA-45B2-A52C-F0913CF82EE9}.Debug|x86.Build.0 = Debug|Win32
		{9F911B44-D8BA-45B2-A52C-F0913CF82EE9}.Release|x64.ActiveCfg = Release|x64
		{9F911B44-D8BA-45B2-A52C-F0913CF82EE9}.Release|x64.Build.0 = Release|x64
		{9F911B44-D8BA-45B2-A52C-F0913CF82EE9}.Release|x86.ActiveCfg = Release|Win32
		{9F911B44-D8BA-45B2-A52C-F0913CF82EE9}.Release|x86.Build.0 = Release|Win32
		{4A1553AA-02B7-4667-BFEC-88E5B830E628}.Debug|x64.ActiveCfg = Debug|x64
		{4A1553AA-02B7-4667-BFEC-88E5B830E628}.Debug|x64.Build.0 = Debug|x64
		{4A1553AA-02B7-4667-BFEC-88E5B830E628}.Debug|x86.ActiveCfg = Debug|Win32
		{4A1553AA-02B7-4667-BFEC-88E5B830E628}.Debug|x86.Build.0 = Debug|Win32
		{4A1553AA-02B7-4667-BFEC-88E5B830E628}.Release|x64.ActiveCfg = Release|x64
		{4A1553AA-02B7-4667-BFEC-88E5B830E628}.Release|x64.Build.0 = Release|x64
		{4A1553AA-02B7-4667-BFEC-88E5B830E628}.Release|x86.ActiveCfg = Release|Win32
		{4A1553AA-02B7-4667-BFEC-88E5B830E628}.Release|x86.Build.0 = Release|Win32
		{C2A0B216-4240-454F-9D27-B614E7F93AE8}.Debug|x64.ActiveCfg = Debug|x64
		{C2A0B216-4240-454F-9D27-B614E7F93AE8}.Debug|x64.Build.0 = Debug|x64
		{C2A0B216-4240-454F-9D27-B614E7F93AE8}.Debug|x86.ActiveCfg = Debug|Win32
		{C2A0B216-4240-454F-9D27-B614E7F93AE8}.Debug|x86.Build.0 = Debug|Win32
		{C2A0B216-4240-454F-9D27-B614E7F93AE8}.Release|x64.ActiveCfg = Release|x64
		{C2A0B216-4240-454F-9D27-B614E7F93AE8}.Release|x64.Build.0 = Release|x64
		{C2A0B216-4240-454F-9D27-B614E7F93AE8}.Release|x86.ActiveCfg = Release|Win32
		{C2A0B216-4240-454F-9D27-B614E7F93AE8}.Release|x86.Build.0 = Release|Win32
		{E170893F-5B55-4F7A-86C8-A154FF01CA32}.Debug|x64.ActiveCfg = Debug|x64
		{E170893F-5B55-4F7A-86C8-A154FF01CA32}.Debug|x64.Build.0 = Debug|x64
		{E170893F-5B55-4F7A-86C8-A154FF01CA32}.Debug|x86.ActiveCfg = Debug|Win32
		{E170893F-5B55-4F7A-86C8-A154FF01CA32}.Debug|x86.Build.0 = Debug|Win32
		{E170893F-5B55-4F7A-86C8-A154FF01CA32}.Release|x64.ActiveCfg = Release|x64
		{E170893F-5B55-4F7A-86C8-A154FF01CA32}.Release|x64.Build.0 = Release|x64
		{E170893F-5B55-4F7A-86C8-A154FF01CA32}.Release|x86.ActiveCfg = Release|Win32
		{E170893F-5B55-4F7A-86C8-A154FF01CA32}.Release|x86.Build.0 = Release|Win32
		{F5DBAD7C-CD91-4C45-BD57-FB2E8565BD27}.Debug|x64.ActiveCfg = Debug|x64
		{F5DBAD7C-CD91-4C45-BD57-FB2E8565BD27}.Debug|x64.Build.0 = Debug|x64
		{F5DBAD7C-CD91-4C45-BD57-FB2E8565BD27}.Debug|x86.ActiveCfg = Debug|Win32
		{F5DBAD7C-CD91-4C45-BD57-FB2E8565BD27}.Debug|x86.Build.0 = Debug|Win32
		{F5DBAD7C-CD91-4C45-BD57-FB2E8565BD27}.Release|x64.ActiveCfg = Release|x64
		{F5DBAD7C-CD91-4C45-BD57-FB2E8565BD27}.Release|x64.Build.0 = Release|x64
		{F5DBAD7C-CD91-4C45-BD57-FB2E8565BD27}.Release|x86.ActiveCfg = Release|Win32
		{F5DBAD7C-CD91-4C45-BD57-FB2E8565BD27}.Release|x86.Build.0 = Release|Win32
		{D62E4495-C610-4810-9E03-B40CE3CE875E}.Debug|x64.ActiveCfg = Debug|x64
		{D62E4495-C610-4810-9E03-B40CE3CE875E}.Debug|x64.Build.0 = Debug|x64
		{D62E4495-C610-4810-9E03-B40CE3CE875E}.Debug|x86.ActiveCfg = Debug|Win32
		{D62E4495-C610-4810-9E03-B40CE3CE875E}.Debug|x86.Build.0 = Debug|Win32
		{D62E4495-C610-4810-9E03-B40CE3CE875E}.Release|x64.ActiveCfg = Release|x64
		{D62E4495-C610-4810-9E03-B40CE3CE875E}.Release|x64.Build.0 = Release|x64
		{D62E4495-C610-4810-9E03-B40CE3CE875E}.Release|x86.ActiveCfg = Release|Win32
		{D62E4495-C610-4810-9E03-B40CE3CE875E}.Release|x86.Build.0 = Release|Win32
		{B4C8725F-6FB0-4C3E-BB0B-B10124AC20F5}.Debug|x64.ActiveCfg = Debug|x64
		{B4C8725F-6FB0-4C3E-BB0B-B10124AC20F5}.Debug|x64.Build.0 = Debug|x64
		{B4C8725F-6FB0-4C3E-BB0B-B10124AC20F5}.Debug|x86.ActiveCfg = Debug|Win32
		{B4C8725F-6FB0-4C3E-BB0B-B10124AC20F5}.Debug|x86.Build.0 = Debug|Win32
		{B4C8725F-6FB0-4C3E-BB0B-B10124AC20F5}.Release|x64.ActiveCfg = Release|x64
		{B4C8725F-6FB0-4C3E-BB0B-B10124AC20F5}.Release|x64.Build.0 = Release|x64
		{B4C8725F-6FB0-4C3E-BB0B-B10124AC20F5}.Release|x86.ActiveCfg = Release|Win32
		{B4C8725F-6FB0-4C3E-BB0B-B10124AC20F5}.Release|x86.Build.0 = Release|Win32
		{06A098F7-DB97-46EB-914C-28218A45C235}.Debug|x64.ActiveCfg = Debug|x64
		{06A098F7-DB97-46EB-914C-28218A45C235}.Debug|x64.Build.0 = Debug|x64
		{06A098F7-DB97-46EB-914C-28218A45C235}.Debug|x86.ActiveCfg = Debug|Win32
		{06A098F7-DB97-46EB-914C-28218A45C235}.Debug|x86.Build.0 = Debug|Win32
		{06A098F7-DB97-46EB-914C-28218A45C235}.Release|x64.ActiveCfg = Release|x64
		{06A098F7-DB97-46EB-914C-28218A45C235}.Release|x64.Build.0 = Release|x64
		{06A098F7-DB97-46EB-914C-28218A45C235}.Release|x86.ActiveCfg = Release|Win32
		{06A098F7-DB97-46EB-914C-28218A45C235}.Release|x86.Build.0 = Release|Win32
		{3F4ABC17-D7AD-4DFC-8DE7-23A4F30E0ACF}.Debug|x64.ActiveCfg = Debug|x64
		{3F4ABC17-D7AD-4DFC-8DE7-23A4F30E0ACF}.Debug|x64.Build.0 = Debug|x64
		{3F4ABC17-D7AD-4DFC-8DE7-23A4F30E0ACF}.Debug|x86.ActiveCfg = Debug|Win32
		{3F4ABC17-D7AD-4DFC-8DE7-23A4F30E0ACF}.Debug|x86.Build.0 = Debug|Win32
		{3F4ABC17-D7AD-4DFC-8DE7-23A4F30E0ACF}.Release|x64.ActiveCfg = Release|x64
		{3F4ABC17-D7AD-4DFC-8DE7-23A4F30E0ACF}.Release|x64.Build.0 = Release|x64
		{3F4ABC17-D7AD-4DFC-8DE7-23A4F30E0ACF}.Release|x86.ActiveCfg = Release|Win32
		{3F4ABC17-D7AD-4DFC-8DE7-23A4F30E0ACF}.Release|x86.Build.0 = Release|Win32
		{489EB706-071F-4505-A4A6-E2867820FD0D}.Debug|x64.ActiveCfg = Debug|x64
		{489EB706-071F-4505-A4A6-E2867820FD0D}.Debug|x64.Build.0 = Debug|x64
		{489EB706-071F-4505-A4A6-E2867820FD0D}.Debug|x86.ActiveCfg = Debug|Win32
		{489EB706-071F-4505-A4A6-E2867820FD0D}.Debug|x86.Build.0 = Debug|Win32
		{489EB706-071F-4505-A4A6-E2867820FD0D}.Release|x64.ActiveCfg = Release|x64
		{489EB706-071F-4505-A4A6-E2867820FD0D}.Release|x64.Build.0 = Release|x64
		{489EB706-071F-4505-A4A6-E2867820FD0D}.Release|x86.ActiveCfg = Release|Win32
		{489EB706-071F-4505-A4A6-E2867820FD0D}.Release|x86.Build.0 = Release|Win32
		{910324D9-AB1B-456B-A64B-07E18BAF951D}.Debug|x64.ActiveCfg = Debug|x64
		{910324D9-AB1B-456B-A64B-07E18BAF951D}.Debug|x64.Build.0 = Debug|x64
		{910324D9-AB1B-456B-A64B-07E18BAF951D}.Debug|x86.ActiveCfg = Debug|Win32
		{910324D9-AB1B-456B-A64B-07E18BAF951D}.Debug|x86.Build.0 = Debug|Win32
		{910324D9-AB1B-456B-A64B-07E18BAF951D}.Release|x64.ActiveCfg = Release|x64
		{910324D9-AB1B-456B-A64B-07E18BAF951D}.Release|x64.Build.0 = Release|x64
		{910324D9-AB1B-456B-A64B-07E18BAF951D}.Release|x86.ActiveCfg = Release|Win32
		{910324D9-AB1B-456B-A64B-07E18BAF951D}.Release|x86.Build.0 = Release|Win32
	EndGlobalSection
	GlobalSection(SolutionProperties) = preSolution
		HideSolutionNode = FALSE
	EndGlobalSection
	GlobalSection(NestedProjects) = preSolution
		{4A1553AA-02B7-4667-BFEC-88E5B830E628} = {683A00EB-DBA2-4D5E-A0F9-232B9A8CC817}
		{C2A0B216-4240-454F-9D27-B614E7F93AE8} = {54E59867-5185-4DCA-82D0-AD37A2803ED3}
		{E170893F-5B55-4F7A-86C8-A154FF01CA32} = {683A00EB-DBA2-4D5E-A0F9-232B9A8CC817}
		{F5DBAD7C-CD91-4C45-BD57-FB2E8565BD27} = {683A00EB-DBA2-4D5E-A0F9-232B9A8CC817}
		{D62E4495-C610-4810-9E03-B40CE3CE875E} = {683A00EB-DBA2-4D5E-A0F9-232B9A8CC817}
		{B4C8725F-6FB0-4C3E-BB0B-B10124AC20F5} = {683A00EB-DBA2-4D5E-A0F9-232B9A8CC817}
		{06A098F7-DB97-46EB-914C-28218A45C235} = {683A00EB-DBA2-4D5E-A0F9-232B9A8CC817}
		{3F4ABC17-D7AD-4DFC-8DE7-23A4F30E0ACF} = {683A00EB-DBA2-4D5E-A0F9-232B9A8CC817}
		{489EB706-071F-4505-A4A6-E2867820FD0D} = {683A00EB-DBA2-4D5E-A0F9-232B9A8CC817}
		{910324D9-AB1B-456B-A64B-07E18BAF951D} = {683A00EB-DBA2-4D5E-A0F9-232B9A8CC817}
	EndGlobalSection
EndGlobal
