<?xml version="1.0" encoding="utf-8"?>
<Project ToolsVersion="4.0" xmlns="http://schemas.microsoft.com/developer/msbuild/2003">
  <ItemGroup>
    <Filter Include="Source Files">
      <UniqueIdentifier>{4FC737F1-C7A5-4376-A066-2A32D752A2FF}</UniqueIdentifier>
      <Extensions>cpp;c;cc;cxx;def;odl;idl;hpj;bat;asm;asmx</Extensions>
    </Filter>
    <Filter Include="Header Files">
      <UniqueIdentifier>{93995380-89BD-4b04-88EB-625FBE52EBFB}</UniqueIdentifier>
      <Extensions>h;hh;hpp;hxx;hm;inl;inc;xsd</Extensions>
    </Filter>
    <Filter Include="Resource Files">
      <UniqueIdentifier>{67DA6AB6-F800-4c08-8B7A-83BB121AAD01}</UniqueIdentifier>
      <Extensions>rc;ico;cur;bmp;dlg;rc2;rct;bin;rgs;gif;jpg;jpeg;jpe;resx;tiff;tif;png;wav;mfcribbon-ms</Extensions>
    </Filter>
    <Filter Include="Source Files\3rd">
      <UniqueIdentifier>{7b033949-9e28-4b7d-a49f-562d452c6779}</UniqueIdentifier>
    </Filter>
    <Filter Include="Source Files\lib">
      <UniqueIdentifier>{848a6600-d766-4176-8d11-373cea9fc2e0}</UniqueIdentifier>
    </Filter>
    <Filter Include="Source Files\core">
      <UniqueIdentifier>{1ca50a3a-c36b-4d91-9a7e-70afe47f5f30}</UniqueIdentifier>
    </Filter>
    <Filter Include="Source Files\main">
      <UniqueIdentifier>{1ea1283a-9028-4527-9795-681d6192762b}</UniqueIdentifier>
    </Filter>
  </ItemGroup>
  <ItemGroup>
    <ClCompile Include="..\src\core\winapi.cpp">
      <Filter>Source Files\core</Filter>
    </ClCompile>
    <ClCompile Include="..\src\lib\dialog.cpp">
      <Filter>Source Files\lib</Filter>
    </ClCompile>
    <ClCompile Include="..\src\lib\file_system.cpp">
      <Filter>Source Files\lib</Filter>
    </ClCompile>
    <ClCompile Include="..\src\lib\psapi.cpp">
      <Filter>Source Files\lib</Filter>
    </ClCompile>
    <ClCompile Include="..\src\lib\window_manage.cpp">
      <Filter>Source Files\lib</Filter>
    </ClCompile>
    <ClCompile Include="..\src\lib\windows_shell.cpp">
      <Filter>Source Files\lib</Filter>
    </ClCompile>
    <ClCompile Include="..\src\main.cpp">
      <Filter>Source Files\main</Filter>
    </ClCompile>
    <ClCompile Include="..\src\lib\console.cpp">
      <Filter>Source Files\lib</Filter>
    </ClCompile>
    <ClCompile Include="..\src\lib\network.cpp">
      <Filter>Source Files\lib</Filter>
    </ClCompile>
    <ClCompile Include="..\inc\taolua\lua.cpp">
      <Filter>Source Files\main</Filter>
    </ClCompile>
    <ClCompile Include="..\inc\taolua\stdafx.cpp">
      <Filter>Source Files\main</Filter>
    </ClCompile>
  </ItemGroup>
  <ItemGroup>
    <ClInclude Include="..\src\core\winapi.h">
      <Filter>Source Files\core</Filter>
    </ClInclude>
    <ClInclude Include="..\src\lib\dialog.h">
      <Filter>Source Files\lib</Filter>
    </ClInclude>
    <ClInclude Include="..\src\lib\file_system.h">
      <Filter>Source Files\lib</Filter>
    </ClInclude>
    <ClInclude Include="..\src\lib\psapi.h">
      <Filter>Source Files\lib</Filter>
    </ClInclude>
    <ClInclude Include="..\src\lib\window_manage.h">
      <Filter>Source Files\lib</Filter>
    </ClInclude>
    <ClInclude Include="..\src\lib\windows_shell.h">
      <Filter>Source Files\lib</Filter>
    </ClInclude>
    <ClInclude Include="..\src\lib\console.h">
      <Filter>Source Files\lib</Filter>
    </ClInclude>
    <ClInclude Include="..\src\lib\network.h">
      <Filter>Source Files\lib</Filter>
    </ClInclude>
    <ClInclude Include="..\inc\taolua\charset.h">
      <Filter>Source Files\main</Filter>
    </ClInclude>
    <ClInclude Include="..\inc\taolua\lua.h">
      <Filter>Source Files\main</Filter>
    </ClInclude>
    <ClInclude Include="..\inc\taolua\stdafx.h">
      <Filter>Source Files\main</Filter>
    </ClInclude>
    <ClInclude Include="..\inc\taolua\winhlp.h">
      <Filter>Source Files\main</Filter>
    </ClInclude>
    <ClInclude Include="..\inc\taolua\taolua.h">
      <Filter>Source Files\main</Filter>
    </ClInclude>
  </ItemGroup>
</Project>